
Microsoft Visual Studio Solution File, Format Version 12.00
# Visual Studio Version 17
VisualStudioVersion = 17.0.31903.59
MinimumVisualStudioVersion = 10.0.40219.1
Project("{9A19103F-16F7-4668-BE54-9A1E7A4F7556}") = "Kenet.SimpleProcess", "src\Kenet.SimpleProcess.csproj", "{701CD819-13C1-4B1D-8608-0F35CFCCB153}"
EndProject
Project("{2150E333-8FDC-42A3-9474-1A3956D46DE8}") = "test", "test", "{7739BCD5-610A-4D5C-A86E-D0B24C649C4B}"
EndProject
Project("{9A19103F-16F7-4668-BE54-9A1E7A4F7556}") = "Kenet.SimpleProcess.Test", "test\Kenet.SimpleProcess.Test\Kenet.SimpleProcess.Test.csproj", "{0E49865A-9B4A-4DFC-AE1A-987DB9CD7AA6}"
EndProject
Project("{9A19103F-16F7-4668-BE54-9A1E7A4F7556}") = "Kenet.SimpleProcess.Sleep", "test\Kenet.SimpleProcess.Sleep\Kenet.SimpleProcess.Sleep.csproj", "{30B94285-9A84-4C93-8777-766A2E9E0D45}"
EndProject
Global
	GlobalSection(SolutionConfigurationPlatforms) = preSolution
		Debug|Any CPU = Debug|Any CPU
		Release|Any CPU = Release|Any CPU
	EndGlobalSection
	GlobalSection(ProjectConfigurationPlatforms) = postSolution
		{701CD819-13C1-4B1D-8608-0F35CFCCB153}.Debug|Any CPU.ActiveCfg = Debug|Any CPU
		{701CD819-13C1-4B1D-8608-0F35CFCCB153}.Debug|Any CPU.Build.0 = Debug|Any CPU
		{701CD819-13C1-4B1D-8608-0F35CFCCB153}.Release|Any CPU.ActiveCfg = Release|Any CPU
		{701CD819-13C1-4B1D-8608-0F35CFCCB153}.Release|Any CPU.Build.0 = Release|Any CPU
		{0E49865A-9B4A-4DFC-AE1A-987DB9CD7AA6}.Debug|Any CPU.ActiveCfg = Debug|Any CPU
		{0E49865A-9B4A-4DFC-AE1A-987DB9CD7AA6}.Debug|Any CPU.Build.0 = Debug|Any CPU
		{0E49865A-9B4A-4DFC-AE1A-987DB9CD7AA6}.Release|Any CPU.ActiveCfg = Release|Any CPU
		{0E49865A-9B4A-4DFC-AE1A-987DB9CD7AA6}.Release|Any CPU.Build.0 = Release|Any CPU
		{30B94285-9A84-4C93-8777-766A2E9E0D45}.Debug|Any CPU.ActiveCfg = Debug|Any CPU
		{30B94285-9A84-4C93-8777-766A2E9E0D45}.Debug|Any CPU.Build.0 = Debug|Any CPU
		{30B94285-9A84-4C93-8777-766A2E9E0D45}.Release|Any CPU.ActiveCfg = Release|Any CPU
		{30B94285-9A84-4C93-8777-766A2E9E0D45}.Release|Any CPU.Build.0 = Release|Any CPU
	EndGlobalSection
	GlobalSection(SolutionProperties) = preSolution
		HideSolutionNode = FALSE
	EndGlobalSection
	GlobalSection(NestedProjects) = preSolution
		{0E49865A-9B4A-4DFC-AE1A-987DB9CD7AA6} = {7739BCD5-610A-4D5C-A86E-D0B24C649C4B}
		{30B94285-9A84-4C93-8777-766A2E9E0D45} = {7739BCD5-610A-4D5C-A86E-D0B24C649C4B}
	EndGlobalSection
EndGlobal
